// !$*UTF8*$!
{
	archiveVersion = 1;
	classes = {
	};
	objectVersion = 48;
	objects = {

/* Begin PBXBuildFile section */
		127FA66B1FBBD5AE00907F6E /* AppDelegate.swift in Sources */ = {isa = PBXBuildFile; fileRef = 127FA66A1FBBD5AE00907F6E /* AppDelegate.swift */; };
		127FA66D1FBBD5AE00907F6E /* ConcentrationViewController.swift in Sources */ = {isa = PBXBuildFile; fileRef = 127FA66C1FBBD5AE00907F6E /* ConcentrationViewController.swift */; };
		127FA6701FBBD5AE00907F6E /* Main.storyboard in Resources */ = {isa = PBXBuildFile; fileRef = 127FA66E1FBBD5AE00907F6E /* Main.storyboard */; };
		127FA6721FBBD5AE00907F6E /* Assets.xcassets in Resources */ = {isa = PBXBuildFile; fileRef = 127FA6711FBBD5AE00907F6E /* Assets.xcassets */; };
		127FA6751FBBD5AE00907F6E /* LaunchScreen.storyboard in Resources */ = {isa = PBXBuildFile; fileRef = 127FA6731FBBD5AE00907F6E /* LaunchScreen.storyboard */; };
		127FA67F1FBBE68C00907F6E /* Concentration.swift in Sources */ = {isa = PBXBuildFile; fileRef = 127FA67E1FBBE68C00907F6E /* Concentration.swift */; };
		127FA6811FBBE71F00907F6E /* Card.swift in Sources */ = {isa = PBXBuildFile; fileRef = 127FA6801FBBE71F00907F6E /* Card.swift */; };
		12AC192A1FDF8815006A5D55 /* ConcentrationThemeChooserViewController.swift in Sources */ = {isa = PBXBuildFile; fileRef = 12AC19291FDF8815006A5D55 /* ConcentrationThemeChooserViewController.swift */; };
/* End PBXBuildFile section */

/* Begin PBXFileReference section */
		127FA6671FBBD5AE00907F6E /* Concentration.app */ = {isa = PBXFileReference; explicitFileType = wrapper.application; includeInIndex = 0; path = Concentration.app; sourceTree = BUILT_PRODUCTS_DIR; };
		127FA66A1FBBD5AE00907F6E /* AppDelegate.swift */ = {isa = PBXFileReference; lastKnownFileType = sourcecode.swift; path = AppDelegate.swift; sourceTree = "<group>"; };
		127FA66C1FBBD5AE00907F6E /* ConcentrationViewController.swift */ = {isa = PBXFileReference; lastKnownFileType = sourcecode.swift; path = ConcentrationViewController.swift; sourceTree = "<group>"; };
		127FA66F1FBBD5AE00907F6E /* Base */ = {isa = PBXFileReference; lastKnownFileType = file.storyboard; name = Base; path = Base.lproj/Main.storyboard; sourceTree = "<group>"; };
		127FA6711FBBD5AE00907F6E /* Assets.xcassets */ = {isa = PBXFileReference; lastKnownFileType = folder.assetcatalog; path = Assets.xcassets; sourceTree = "<group>"; };
		127FA6741FBBD5AE00907F6E /* Base */ = {isa = PBXFileReference; lastKnownFileType = file.storyboard; name = Base; path = Base.lproj/LaunchScreen.storyboard; sourceTree = "<group>"; };
		127FA6761FBBD5AE00907F6E /* Info.plist */ = {isa = PBXFileReference; lastKnownFileType = text.plist.xml; path = Info.plist; sourceTree = "<group>"; };
		127FA67E1FBBE68C00907F6E /* Concentration.swift */ = {isa = PBXFileReference; lastKnownFileType = sourcecode.swift; path = Concentration.swift; sourceTree = "<group>"; };
		127FA6801FBBE71F00907F6E /* Card.swift */ = {isa = PBXFileReference; lastKnownFileType = sourcecode.swift; path = Card.swift; sourceTree = "<group>"; };
		12AC19291FDF8815006A5D55 /* ConcentrationThemeChooserViewController.swift */ = {isa = PBXFileReference; lastKnownFileType = sourcecode.swift; path = ConcentrationThemeChooserViewController.swift; sourceTree = "<group>"; };
/* End PBXFileReference section */

/* Begin PBXFrameworksBuildPhase section */
		127FA6641FBBD5AE00907F6E /* Frameworks */ = {
			isa = PBXFrameworksBuildPhase;
			buildActionMask = 2147483647;
			files = (
			);
			runOnlyForDeploymentPostprocessing = 0;
		};
/* End PBXFrameworksBuildPhase section */

/* Begin PBXGroup section */
		127FA65E1FBBD5AE00907F6E = {
			isa = PBXGroup;
			children = (
				127FA6691FBBD5AE00907F6E /* Concentration */,
				127FA6681FBBD5AE00907F6E /* Products */,
			);
			sourceTree = "<group>";
		};
		127FA6681FBBD5AE00907F6E /* Products */ = {
			isa = PBXGroup;
			children = (
				127FA6671FBBD5AE00907F6E /* Concentration.app */,
			);
			name = Products;
			sourceTree = "<group>";
		};
		127FA6691FBBD5AE00907F6E /* Concentration */ = {
			isa = PBXGroup;
			children = (
				127FA66A1FBBD5AE00907F6E /* AppDelegate.swift */,
				127FA66C1FBBD5AE00907F6E /* ConcentrationViewController.swift */,
				12AC19291FDF8815006A5D55 /* ConcentrationThemeChooserViewController.swift */,
				127FA66E1FBBD5AE00907F6E /* Main.storyboard */,
				127FA6711FBBD5AE00907F6E /* Assets.xcassets */,
				127FA6731FBBD5AE00907F6E /* LaunchScreen.storyboard */,
				127FA6761FBBD5AE00907F6E /* Info.plist */,
				127FA67E1FBBE68C00907F6E /* Concentration.swift */,
				127FA6801FBBE71F00907F6E /* Card.swift */,
			);
			path = Concentration;
			sourceTree = "<group>";
		};
/* End PBXGroup section */

/* Begin PBXNativeTarget section */
		127FA6661FBBD5AE00907F6E /* Concentration */ = {
			isa = PBXNativeTarget;
			buildConfigurationList = 127FA6791FBBD5AE00907F6E /* Build configuration list for PBXNativeTarget "Concentration" */;
			buildPhases = (
				127FA6631FBBD5AE00907F6E /* Sources */,
				127FA6641FBBD5AE00907F6E /* Frameworks */,
				127FA6651FBBD5AE00907F6E /* Resources */,
			);
			buildRules = (
			);
			dependencies = (
			);
			name = Concentration;
			productName = Concentration;
			productReference = 127FA6671FBBD5AE00907F6E /* Concentration.app */;
			productType = "com.apple.product-type.application";
		};
/* End PBXNativeTarget section */

/* Begin PBXProject section */
		127FA65F1FBBD5AE00907F6E /* Project object */ = {
			isa = PBXProject;
			attributes = {
				LastSwiftUpdateCheck = 0910;
				LastUpgradeCheck = 0910;
				ORGANIZATIONNAME = zzk;
				TargetAttributes = {
					127FA6661FBBD5AE00907F6E = {
						CreatedOnToolsVersion = 9.1;
						ProvisioningStyle = Automatic;
					};
				};
			};
			buildConfigurationList = 127FA6621FBBD5AE00907F6E /* Build configuration list for PBXProject "Concentration" */;
			compatibilityVersion = "Xcode 8.0";
			developmentRegion = en;
			hasScannedForEncodings = 0;
			knownRegions = (
				en,
				Base,
			);
			mainGroup = 127FA65E1FBBD5AE00907F6E;
			productRefGroup = 127FA6681FBBD5AE00907F6E /* Products */;
			projectDirPath = "";
			projectRoot = "";
			targets = (
				127FA6661FBBD5AE00907F6E /* Concentration */,
			);
		};
/* End PBXProject section */

/* Begin PBXResourcesBuildPhase section */
		127FA6651FBBD5AE00907F6E /* Resources */ = {
			isa = PBXResourcesBuildPhase;
			buildActionMask = 2147483647;
			files = (
				127FA6751FBBD5AE00907F6E /* LaunchScreen.storyboard in Resources */,
				127FA6721FBBD5AE00907F6E /* Assets.xcassets in Resources */,
				127FA6701FBBD5AE00907F6E /* Main.storyboard in Resources */,
			);
			runOnlyForDeploymentPostprocessing = 0;
		};
/* End PBXResourcesBuildPhase section */

/* Begin PBXSourcesBuildPhase section */
		127FA6631FBBD5AE00907F6E /* Sources */ = {
			isa = PBXSourcesBuildPhase;
			buildActionMask = 2147483647;
			files = (
				12AC192A1FDF8815006A5D55 /* ConcentrationThemeChooserViewController.swift in Sources */,
				127FA66D1FBBD5AE00907F6E /* ConcentrationViewController.swift in Sources */,
				127FA66B1FBBD5AE00907F6E /* AppDelegate.swift in Sources */,
				127FA67F1FBBE68C00907F6E /* Concentration.swift in Sources */,
				127FA6811FBBE71F00907F6E /* Card.swift in Sources */,
			);
			runOnlyForDeploymentPostprocessing = 0;
		};
/* End PBXSourcesBuildPhase section */

/* Begin PBXVariantGroup section */
		127FA66E1FBBD5AE00907F6E /* Main.storyboard */ = {
			isa = PBXVariantGroup;
			children = (
				127FA66F1FBBD5AE00907F6E /* Base */,
			);
			name = Main.storyboard;
			sourceTree = "<group>";
		};
		127FA6731FBBD5AE00907F6E /* LaunchScreen.storyboard */ = {
			isa = PBXVariantGroup;
			children = (
				127FA6741FBBD5AE00907F6E /* Base */,
			);
			name = LaunchScreen.storyboard;
			sourceTree = "<group>";
		};
/* End PBXVariantGroup section */

/* Begin XCBuildConfiguration section */
		127FA6771FBBD5AE00907F6E /* Debug */ = {
			isa = XCBuildConfiguration;
			buildSettings = {
				ALWAYS_SEARCH_USER_PATHS = NO;
				CLANG_ANALYZER_NONNULL = YES;
				CLANG_ANALYZER_NUMBER_OBJECT_CONVERSION = YES_AGGRESSIVE;
				CLANG_CXX_LANGUAGE_STANDARD = "gnu++14";
				CLANG_CXX_LIBRARY = "libc++";
				CLANG_ENABLE_MODULES = YES;
				CLANG_ENABLE_OBJC_ARC = YES;
				CLANG_WARN_BLOCK_CAPTURE_AUTORELEASING = YES;
				CLANG_WARN_BOOL_CONVERSION = YES;
				CLANG_WARN_COMMA = YES;
				CLANG_WARN_CONSTANT_CONVERSION = YES;
				CLANG_WARN_DIRECT_OBJC_ISA_USAGE = YES_ERROR;
				CLANG_WARN_DOCUMENTATION_COMMENTS = YES;
				CLANG_WARN_EMPTY_BODY = YES;
				CLANG_WARN_ENUM_CONVERSION = YES;
				CLANG_WARN_INFINITE_RECURSION = YES;
				CLANG_WARN_INT_CONVERSION = YES;
				CLANG_WARN_NON_LITERAL_NULL_CONVERSION = YES;
				CLANG_WARN_OBJC_LITERAL_CONVERSION = YES;
				CLANG_WARN_OBJC_ROOT_CLASS = YES_ERROR;
				CLANG_WARN_RANGE_LOOP_ANALYSIS = YES;
				CLANG_WARN_STRICT_PROTOTYPES = YES;
				CLANG_WARN_SUSPICIOUS_MOVE = YES;
				CLANG_WARN_UNGUARDED_AVAILABILITY = YES_AGGRESSIVE;
				CLANG_WARN_UNREACHABLE_CODE = YES;
				CLANG_WARN__DUPLICATE_METHOD_MATCH = YES;
				CODE_SIGN_IDENTITY = "iPhone Developer";
				COPY_PHASE_STRIP = NO;
				DEBUG_INFORMATION_FORMAT = dwarf;
				ENABLE_STRICT_OBJC_MSGSEND = YES;
				ENABLE_TESTABILITY = YES;
				GCC_C_LANGUAGE_STANDARD = gnu11;
				GCC_DYNAMIC_NO_PIC = NO;
				GCC_NO_COMMON_BLOCKS = YES;
				GCC_OPTIMIZATION_LEVEL = 0;
				GCC_PREPROCESSOR_DEFINITIONS = (
					"DEBUG=1",
					"$(inherited)",
				);
				GCC_WARN_64_TO_32_BIT_CONVERSION = YES;
				GCC_WARN_ABOUT_RETURN_TYPE = YES_ERROR;
				GCC_WARN_UNDECLARED_SELECTOR = YES;
				GCC_WARN_UNINITIALIZED_AUTOS = YES_AGGRESSIVE;
				GCC_WARN_UNUSED_FUNCTION = YES;
				GCC_WARN_UNUSED_VARIABLE = YES;
				IPHONEOS_DEPLOYMENT_TARGET = 11.1;
				MTL_ENABLE_DEBUG_INFO = YES;
				ONLY_ACTIVE_ARCH = YES;
				SDKROOT = iphoneos;
				SWIFT_ACTIVE_COMPILATION_CONDITIONS = DEBUG;
				SWIFT_OPTIMIZATION_LEVEL = "-Onone";
			};
			name = Debug;
		};
		127FA6781FBBD5AE00907F6E /* Release */ = {
			isa = XCBuildConfiguration;
			buildSettings = {
				ALWAYS_SEARCH_USER_PATHS = NO;
				CLANG_ANALYZER_NONNULL = YES;
				CLANG_ANALYZER_NUMBER_OBJECT_CONVERSION = YES_AGGRESSIVE;
				CLANG_CXX_LANGUAGE_STANDARD = "gnu++14";
				CLANG_CXX_LIBRARY = "libc++";
				CLANG_ENABLE_MODULES = YES;
				CLANG_ENABLE_OBJC_ARC = YES;
				CLANG_WARN_BLOCK_CAPTURE_AUTORELEASING = YES;
				CLANG_WARN_BOOL_CONVERSION = YES;
				CLANG_WARN_COMMA = YES;
				CLANG_WARN_CONSTANT_CONVERSION = YES;
				CLANG_WARN_DIRECT_OBJC_ISA_USAGE = YES_ERROR;
				CLANG_WARN_DOCUMENTATION_COMMENTS = YES;
				CLANG_WARN_EMPTY_BODY = YES;
				CLANG_WARN_ENUM_CONVERSION = YES;
				CLANG_WARN_INFINITE_RECURSION = YES;
				CLANG_WARN_INT_CONVERSION = YES;
				CLANG_WARN_NON_LITERAL_NULL_CONVERSION = YES;
				CLANG_WARN_OBJC_LITERAL_CONVERSION = YES;
				CLANG_WARN_OBJC_ROOT_CLASS = YES_ERROR;
				CLANG_WARN_RANGE_LOOP_ANALYSIS = YES;
				CLANG_WARN_STRICT_PROTOTYPES = YES;
				CLANG_WARN_SUSPICIOUS_MOVE = YES;
				CLANG_WARN_UNGUARDED_AVAILABILITY = YES_AGGRESSIVE;
				CLANG_WARN_UNREACHABLE_CODE = YES;
				CLANG_WARN__DUPLICATE_METHOD_MATCH = YES;
				CODE_SIGN_IDENTITY = "iPhone Developer";
				COPY_PHASE_STRIP = NO;
				DEBUG_INFORMATION_FORMAT = "dwarf-with-dsym";
				ENABLE_NS_ASSERTIONS = NO;
				ENABLE_STRICT_OBJC_MSGSEND = YES;
				GCC_C_LANGUAGE_STANDARD = gnu11;
				GCC_NO_COMMON_BLOCKS = YES;
				GCC_WARN_64_TO_32_BIT_CONVERSION = YES;
				GCC_WARN_ABOUT_RETURN_TYPE = YES_ERROR;
				GCC_WARN_UNDECLARED_SELECTOR = YES;
				GCC_WARN_UNINITIALIZED_AUTOS = YES_AGGRESSIVE;
				GCC_WARN_UNUSED_FUNCTION = YES;
				GCC_WARN_UNUSED_VARIABLE = YES;
				IPHONEOS_DEPLOYMENT_TARGET = 11.1;
				MTL_ENABLE_DEBUG_INFO = NO;
				SDKROOT = iphoneos;
				SWIFT_OPTIMIZATION_LEVEL = "-Owholemodule";
				VALIDATE_PRODUCT = YES;
			};
			name = Release;
		};
		127FA67A1FBBD5AE00907F6E /* Debug */ = {
			isa = XCBuildConfiguration;
			buildSettings = {
				ASSETCATALOG_COMPILER_APPICON_NAME = AppIcon;
				CODE_SIGN_STYLE = Automatic;
				DEVELOPMENT_TEAM = MXJJEEMF3U;
				INFOPLIST_FILE = Concentration/Info.plist;
				LD_RUNPATH_SEARCH_PATHS = "$(inherited) @executable_path/Frameworks";
				PRODUCT_BUNDLE_IDENTIFIER = com.zzk.Concentration;
				PRODUCT_NAME = "$(TARGET_NAME)";
				SWIFT_VERSION = 4.0;
				TARGETED_DEVICE_FAMILY = "1,2";
			};
			name = Debug;
		};
		127FA67B1FBBD5AE00907F6E /* Release */ = {
			isa = XCBuildConfiguration;
			buildSettings = {
				ASSETCATALOG_COMPILER_APPICON_NAME = AppIcon;
				CODE_SIGN_STYLE = Automatic;
				DEVELOPMENT_TEAM = MXJJEEMF3U;
				INFOPLIST_FILE = Concentration/Info.plist;
				LD_RUNPATH_SEARCH_PATHS = "$(inherited) @executable_path/Frameworks";
				PRODUCT_BUNDLE_IDENTIFIER = com.zzk.Concentration;
				PRODUCT_NAME = "$(TARGET_NAME)";
				SWIFT_VERSION = 4.0;
				TARGETED_DEVICE_FAMILY = "1,2";
			};
			name = Release;
		};
/* End XCBuildConfiguration section */

/* Begin XCConfigurationList section */
		127FA6621FBBD5AE00907F6E /* Build configuration list for PBXProject "Concentration" */ = {
			isa = XCConfigurationList;
			buildConfigurations = (
				127FA6771FBBD5AE00907F6E /* Debug */,
				127FA6781FBBD5AE00907F6E /* Release */,
			);
			defaultConfigurationIsVisible = 0;
			defaultConfigurationName = Release;
		};
		127FA6791FBBD5AE00907F6E /* Build configuration list for PBXNativeTarget "Concentration" */ = {
			isa = XCConfigurationList;
			buildConfigurations = (
				127FA67A1FBBD5AE00907F6E /* Debug */,
				127FA67B1FBBD5AE00907F6E /* Release */,
			);
			defaultConfigurationIsVisible = 0;
			defaultConfigurationName = Release;
		};
/* End XCConfigurationList section */
	};
	rootObject = 127FA65F1FBBD5AE00907F6E /* Project object */;
}
